
Microsoft Visual Studio Solution File, Format Version 12.00
# Visual Studio Version 17
VisualStudioVersion = 17.14.36401.2 d17.14
MinimumVisualStudioVersion = 10.0.40219.1
Project("{FAE04EC0-301F-11D3-BF4B-00C04F79EFBC}") = "RepartoAlfajores", "RepartoAlfajores.csproj", "{DF6FF3B3-B313-540B-F4E3-ACCB384EFA9C}"
EndProject
Global
	GlobalSection(SolutionConfigurationPlatforms) = preSolution
		Debug|Any CPU = Debug|Any CPU
		Release|Any CPU = Release|Any CPU
	EndGlobalSection
	GlobalSection(ProjectConfigurationPlatforms) = postSolution
		{DF6FF3B3-B313-540B-F4E3-ACCB384EFA9C}.Debug|Any CPU.ActiveCfg = Debug|Any CPU
		{DF6FF3B3-B313-540B-F4E3-ACCB384EFA9C}.Debug|Any CPU.Build.0 = Debug|Any CPU
		{DF6FF3B3-B313-540B-F4E3-ACCB384EFA9C}.Release|Any CPU.ActiveCfg = Release|Any CPU
		{DF6FF3B3-B313-540B-F4E3-ACCB384EFA9C}.Release|Any CPU.Build.0 = Release|Any CPU
	EndGlobalSection
	GlobalSection(SolutionProperties) = preSolution
		HideSolutionNode = FALSE
	EndGlobalSection
	GlobalSection(ExtensibilityGlobals) = postSolution
		SolutionGuid = {CCB1C536-D62B-4392-9CFA-A6933543EA8B}
	EndGlobalSection
EndGlobal
